
Microsoft Visual Studio Solution File, Format Version 11.00
# Visual Studio 2010
Project("{FAE04EC0-301F-11D3-BF4B-00C04F79EFBC}") = "Assembly-CSharp", "Assembly-CSharp.csproj", "{FE1C004F-EE45-807C-02F5-02FACFC710FB}"
EndProject
Global
	GlobalSection(SolutionConfigurationPlatforms) = preSolution
		Debug|Any CPU = Debug|Any CPU
		Release|Any CPU = Release|Any CPU
	EndGlobalSection
	GlobalSection(ProjectConfigurationPlatforms) = postSolution
		{FE1C004F-EE45-807C-02F5-02FACFC710FB}.Debug|Any CPU.ActiveCfg = Debug|Any CPU
		{FE1C004F-EE45-807C-02F5-02FACFC710FB}.Debug|Any CPU.Build.0 = Debug|Any CPU
		{FE1C004F-EE45-807C-02F5-02FACFC710FB}.Release|Any CPU.ActiveCfg = Release|Any CPU
		{FE1C004F-EE45-807C-02F5-02FACFC710FB}.Release|Any CPU.Build.0 = Release|Any CPU
	EndGlobalSection
	GlobalSection(SolutionProperties) = preSolution
		HideSolutionNode = FALSE
	EndGlobalSection
EndGlobal
